
Microsoft Visual Studio Solution File, Format Version 12.00
# Visual Studio Version 17
VisualStudioVersion = 17.3.32929.385
MinimumVisualStudioVersion = 10.0.40219.1
Project("{FAE04EC0-301F-11D3-BF4B-00C04F79EFBC}") = "SpotycachAPI", "SpotycachAPI\SpotycachAPI.csproj", "{C7BB44E1-9776-468D-82E6-742C4AEA98F9}"
EndProject
Global
	GlobalSection(SolutionConfigurationPlatforms) = preSolution
		Debug|Any CPU = Debug|Any CPU
		Release|Any CPU = Release|Any CPU
	EndGlobalSection
	GlobalSection(ProjectConfigurationPlatforms) = postSolution
		{C7BB44E1-9776-468D-82E6-742C4AEA98F9}.Debug|Any CPU.ActiveCfg = Debug|Any CPU
		{C7BB44E1-9776-468D-82E6-742C4AEA98F9}.Debug|Any CPU.Build.0 = Debug|Any CPU
		{C7BB44E1-9776-468D-82E6-742C4AEA98F9}.Release|Any CPU.ActiveCfg = Release|Any CPU
		{C7BB44E1-9776-468D-82E6-742C4AEA98F9}.Release|Any CPU.Build.0 = Release|Any CPU
	EndGlobalSection
	GlobalSection(SolutionProperties) = preSolution
		HideSolutionNode = FALSE
	EndGlobalSection
	GlobalSection(ExtensibilityGlobals) = postSolution
		SolutionGuid = {298C6FA8-0464-4D6A-9CBC-C29B7AEF8E4D}
	EndGlobalSection
EndGlobal
